{
    "_meta": {
        "hash": {
            "sha256": "c9c2024121ef890fe48bbf61dcf39503b9d7c9894f2afcf79a260d364a383bc4"
        },
        "pipfile-spec": 6,
        "requires": {
            "python_version": "3.7"
        },
        "sources": [
            {
                "name": "pypi",
                "url": "https://pypi.org/simple",
                "verify_ssl": true
            }
        ]
    },
    "default": {
        "babel": {
            "hashes": [
                "sha256:af92e6106cb7c55286b25b38ad7695f8b4efb36a90ba483d7f7a6628c46158ab",
                "sha256:e86135ae101e31e2c8ec20a4e0c5220f4eed12487d5cf3f78be7e98d3a57fc28"
            ],
            "version": "==2.7.0"
        },
        "django": {
            "hashes": [
                "sha256:16040e1288c6c9f68c6da2fe75ebde83c0a158f6f5d54f4c5177b0c1478c5b86",
                "sha256:89c2007ca4fa5b351a51a279eccff298520783b713bf28efb89dfb81c80ea49b"
            ],
            "index": "pypi",
            "version": "==2.2.7"
        },
        "django-filter": {
            "hashes": [
                "sha256:ea204242ea83790e1512c9d0d8255002a652a6f4986e93cee664f28955ba0c22",
                "sha256:ec0ef1ba23ef95b1620f5d481334413700fb33f45cd76d56a63f4b0b1d76976a"
            ],
            "version": "==1.1.0"
        },
        "django-friendship": {
            "hashes": [
                "sha256:ec08fb2581eadf4ab8be9124390c55992e0037a69b4fafdbe63ba950135740fa"
            ],
            "index": "pypi",
            "version": "==1.8.1"
        },
        "django-phonenumber-field": {
            "hashes": [
                "sha256:1ab19f723928582fed412bd9844221fa4ff466276d8526b8b4a9913ee1487c5e",
                "sha256:794ebbc3068a7af75aa72a80cb0cec67e714ff8409a965968040f1fd210b2d97"
            ],
            "index": "pypi",
            "version": "==3.0.1"
        },
        "django-rest-friendship": {
            "hashes": [
                "sha256:2c3a4a2ca13ca7e5df2633a6d43554385b133a8787cc6c088e6ecb3857f6c474",
                "sha256:40a0459f0ffaadaa184455f4a461dbc6297c89a8a8fcb0fdd23b37e08a72e13d"
            ],
            "index": "pypi",
            "version": "==0.1.3"
        },
        "djangorestframework": {
            "hashes": [
                "sha256:5488aed8f8df5ec1d70f04b2114abc52ae6729748a176c453313834a9ee179c8",
                "sha256:dc81cbf9775c6898a580f6f1f387c4777d12bd87abf0f5406018d32ccae71090"
            ],
            "index": "pypi",
            "version": "==3.10.3"
        },
        "djangorestframework-filters": {
            "hashes": [
                "sha256:a7683bfbeb4eb2a246fbba830f80062fcff9697101ca87a8b7327346284aa518",
                "sha256:f9249bd6440574ff8788a8994407bf5974e461fbcf65c0bd4785f9e71836768a"
            ],
            "index": "pypi",
            "version": "==0.11.1"
        },
        "phonenumbers": {
            "hashes": [
                "sha256:2430c95b35e330efe3483021955ed98d0c245bd07cdaff41fff4cc3630350de9",
                "sha256:705dc7bbaa0d5932e9c010437c718bb3c0d7c93ab25b9710b4d9ae7370cc0121"
            ],
            "index": "pypi",
            "version": "==8.10.22"
        },
        "psycopg2": {
            "hashes": [
                "sha256:4212ca404c4445dc5746c0d68db27d2cbfb87b523fe233dc84ecd24062e35677",
                "sha256:47fc642bf6f427805daf52d6e52619fe0637648fe27017062d898f3bf891419d",
                "sha256:72772181d9bad1fa349792a1e7384dde56742c14af2b9986013eb94a240f005b",
                "sha256:8396be6e5ff844282d4d49b81631772f80dabae5658d432202faf101f5283b7c",
                "sha256:893c11064b347b24ecdd277a094413e1954f8a4e8cdaf7ffbe7ca3db87c103f0",
                "sha256:92a07dfd4d7c325dd177548c4134052d4842222833576c8391aab6f74038fc3f",
                "sha256:965c4c93e33e6984d8031f74e51227bd755376a9df6993774fd5b6fb3288b1f4",
                "sha256:9ab75e0b2820880ae24b7136c4d230383e07db014456a476d096591172569c38",
                "sha256:b0845e3bdd4aa18dc2f9b6fb78fbd3d9d371ad167fd6d1b7ad01c0a6cdad4fc6",
                "sha256:dca2d7203f0dfce8ea4b3efd668f8ea65cd2b35112638e488a4c12594015f67b",
                "sha256:ed686e5926929887e2c7ae0a700e32c6129abb798b4ad2b846e933de21508151",
                "sha256:ef6df7e14698e79c59c7ee7cf94cd62e5b869db369ed4b1b8f7b729ea825712a",
                "sha256:f898e5cc0a662a9e12bde6f931263a1bbd350cfb18e1d5336a12927851825bb6"
            ],
            "index": "pypi",
            "version": "==2.8.4"
        },
        "pytz": {
            "hashes": [
                "sha256:1c557d7d0e871de1f5ccd5833f60fb2550652da6be2693c1e02300743d21500d",
                "sha256:b02c06db6cf09c12dd25137e563b31700d3b80fcc4ad23abb7a315f2789819be"
            ],
            "version": "==2019.3"
        },
        "sqlparse": {
            "hashes": [
                "sha256:40afe6b8d4b1117e7dff5504d7a8ce07d9a1b15aeeade8a2d10f130a834f8177",
                "sha256:7c3dca29c022744e95b547e867cee89f4fce4373f3549ccd8797d8eb52cdb873"
            ],
            "version": "==0.3.0"
        }
    },
    "develop": {
        "autopep8": {
            "hashes": [
                "sha256:4d8eec30cc81bc5617dbf1218201d770dc35629363547f17577c61683ccfb3ee"
            ],
            "index": "pypi",
            "version": "==1.4.4"
        },
        "pycodestyle": {
            "hashes": [
                "sha256:95a2219d12372f05704562a14ec30bc76b05a5b297b21a5dfe3f6fac3491ae56",
                "sha256:e40a936c9a450ad81df37f549d676d127b1b66000a6c500caa2b085bc0ca976c"
            ],
            "version": "==2.5.0"
        }
    }
}
